# THIS IS AN AUTOGENERATED FILE. DO NOT EDIT THIS FILE DIRECTLY.
# yarn lockfile v1


prettier-airbnb-config@^1.0.0:
  version "1.0.0"
  resolved "https://registry.yarnpkg.com/prettier-airbnb-config/-/prettier-airbnb-config-1.0.0.tgz#a070740d421b3a59ad31f032d467cfbb6fafc5d1"
  integrity sha512-FsEe38fJftYi19AskzuOWbw8zBnXDcZwv2Uw8BI65ROyK4hE6+iojXVFu+FiYNfrRBL+UZJbl2XGk56Ur2QGsA==

prettier@^2.1.2:
  version "2.1.2"
  resolved "https://registry.yarnpkg.com/prettier/-/prettier-2.1.2.tgz#3050700dae2e4c8b67c4c3f666cdb8af405e1ce5"
  integrity sha512-16c7K+x4qVlJg9rEbXl7HEGmQyZlG4R9AgP+oHKRMsMsuk8s+ATStlf1NpDqyBI1HpVyfjLOeMhH2LvuNvV5Vg==

test-console@^1.1.0:
  version "1.1.0"
  resolved "https://registry.yarnpkg.com/test-console/-/test-console-1.1.0.tgz#34466d421f1b049e1be80d1734bdb5a512889c7f"
  integrity sha512-pntCc+DnxNVZxNIul3NjThWaLvIrp9GNHRMrriyFWFtq10LpbHGsagu7riq7UIZn79f9aXnKI7YgyMvf8dcKsg==
