# THIS IS AN AUTOGENERATED FILE. DO NOT EDIT THIS FILE DIRECTLY.
# yarn lockfile v1


test-console@^1.1.0:
  version "1.1.0"
  resolved "https://registry.yarnpkg.com/test-console/-/test-console-1.1.0.tgz#34466d421f1b049e1be80d1734bdb5a512889c7f"
  integrity sha512-pntCc+DnxNVZxNIul3NjThWaLvIrp9GNHRMrriyFWFtq10LpbHGsagu7riq7UIZn79f9aXnKI7YgyMvf8dcKsg==
